<Solution>
  <Project Path="Engine.Core/Engine.Core.csproj" />
  <Project Path="Engine.Ecs/Engine.Ecs.csproj" />
  <Project Path="Engine.MapFormat/Engine.MapFormat.csproj" />
  <Project Path="Engine.Math/Engine.Math.csproj" />
  <Project Path="Engine.Rendering/Engine.Rendering.csproj" />
  <Project Path="Game/Game.csproj" />
  <Project Path="Engine.Editor/Engine.Editor.csproj" />
</Solution>
